
Microsoft Visual Studio Solution File, Format Version 12.00
# Visual Studio Version 17
VisualStudioVersion = 17.6.33417.168
MinimumVisualStudioVersion = 10.0.40219.1
Project("{9A19103F-16F7-4668-BE54-9A1E7A4F7556}") = "Speakers.UI", "Speakers.UI\Speakers.UI.csproj", "{683EAC8F-0D22-4F52-8A21-5C7B76FE25E8}"
EndProject
Global
	GlobalSection(SolutionConfigurationPlatforms) = preSolution
		Debug|Any CPU = Debug|Any CPU
		Release|Any CPU = Release|Any CPU
	EndGlobalSection
	GlobalSection(ProjectConfigurationPlatforms) = postSolution
		{683EAC8F-0D22-4F52-8A21-5C7B76FE25E8}.Debug|Any CPU.ActiveCfg = Debug|Any CPU
		{683EAC8F-0D22-4F52-8A21-5C7B76FE25E8}.Debug|Any CPU.Build.0 = Debug|Any CPU
		{683EAC8F-0D22-4F52-8A21-5C7B76FE25E8}.Debug|Any CPU.Deploy.0 = Debug|Any CPU
		{683EAC8F-0D22-4F52-8A21-5C7B76FE25E8}.Release|Any CPU.ActiveCfg = Release|Any CPU
		{683EAC8F-0D22-4F52-8A21-5C7B76FE25E8}.Release|Any CPU.Build.0 = Release|Any CPU
		{683EAC8F-0D22-4F52-8A21-5C7B76FE25E8}.Release|Any CPU.Deploy.0 = Release|Any CPU
	EndGlobalSection
	GlobalSection(SolutionProperties) = preSolution
		HideSolutionNode = FALSE
	EndGlobalSection
	GlobalSection(ExtensibilityGlobals) = postSolution
		SolutionGuid = {0FB8438C-B182-4214-8517-31436527961F}
	EndGlobalSection
EndGlobal
