Microsoft Visual Studio Solution File, Format Version 12.00
# Visual Studio Version 17
VisualStudioVersion = 17.0.31611.283
MinimumVisualStudioVersion = 10.0.40219.1
Project("{9A19103F-16F7-4668-BE54-9A1E7A4F7556}") = "Speakers.API", "Speakers.API\Speakers.API.csproj", "{EACBE460-934C-4529-85BB-EABA083CEDAF}"
EndProject
Project("{9A19103F-16F7-4668-BE54-9A1E7A4F7556}") = "Speakers.UI", "Speakers.UI\Speakers.UI.csproj", "{8752EAE1-4F33-4616-BDBA-CF2B2EBE290B}"
EndProject
Global
	GlobalSection(SolutionConfigurationPlatforms) = preSolution
		Debug|Any CPU = Debug|Any CPU
		Release|Any CPU = Release|Any CPU
	EndGlobalSection
	GlobalSection(ProjectConfigurationPlatforms) = postSolution
		{EACBE460-934C-4529-85BB-EABA083CEDAF}.Debug|Any CPU.ActiveCfg = Debug|Any CPU
		{EACBE460-934C-4529-85BB-EABA083CEDAF}.Debug|Any CPU.Build.0 = Debug|Any CPU
		{EACBE460-934C-4529-85BB-EABA083CEDAF}.Release|Any CPU.ActiveCfg = Release|Any CPU
		{EACBE460-934C-4529-85BB-EABA083CEDAF}.Release|Any CPU.Build.0 = Release|Any CPU
		{8752EAE1-4F33-4616-BDBA-CF2B2EBE290B}.Debug|Any CPU.ActiveCfg = Debug|Any CPU
		{8752EAE1-4F33-4616-BDBA-CF2B2EBE290B}.Debug|Any CPU.Build.0 = Debug|Any CPU
		{8752EAE1-4F33-4616-BDBA-CF2B2EBE290B}.Debug|Any CPU.Deploy.0 = Debug|Any CPU
		{8752EAE1-4F33-4616-BDBA-CF2B2EBE290B}.Release|Any CPU.ActiveCfg = Release|Any CPU
		{8752EAE1-4F33-4616-BDBA-CF2B2EBE290B}.Release|Any CPU.Build.0 = Release|Any CPU
		{8752EAE1-4F33-4616-BDBA-CF2B2EBE290B}.Release|Any CPU.Deploy.0 = Release|Any CPU
	EndGlobalSection
	GlobalSection(SolutionProperties) = preSolution
		HideSolutionNode = FALSE
	EndGlobalSection
	GlobalSection(ExtensibilityGlobals) = postSolution
		        SolutionGuid = {61F7FB11-1E47-470C-91E2-47F8143E1572}
		SolutionGuid = {71DD1CE4-A817-4D0D-BD62-57F251ADFA10}
	EndGlobalSection
EndGlobal
